
Microsoft Visual Studio Solution File, Format Version 12.00
# Visual Studio 15
VisualStudioVersion = 15.0.28307.572
MinimumVisualStudioVersion = 10.0.40219.1
Project("{FAE04EC0-301F-11D3-BF4B-00C04F79EFBC}") = "Shared.Contracts", "Shared.Contracts\Shared.Contracts.csproj", "{4FDCA294-9EEE-40B0-B90D-98474C388485}"
EndProject
Project("{FAE04EC0-301F-11D3-BF4B-00C04F79EFBC}") = "WCFSalvarBanco", "WCF.OrderReader\WCFSalvarBanco.csproj", "{AFD8EE39-AAAA-4503-A60E-EFD0F8B87BDD}"
EndProject
Project("{FAE04EC0-301F-11D3-BF4B-00C04F79EFBC}") = "WebService", "WebService\WebService.csproj", "{B5967299-4D85-4880-9EF8-726BFDBCB11B}"
EndProject
Project("{9A19103F-16F7-4668-BE54-9A1E7A4F7556}") = "WebApiCore2", "WebApiCore2\WebApiCore2.csproj", "{BD28AF98-9B12-42E8-8FD4-799BF3485CFE}"
EndProject
Project("{FAE04EC0-301F-11D3-BF4B-00C04F79EFBC}") = "EnviarMsgWCF", "EnviarMsgWCF\EnviarMsgWCF.csproj", "{E9D1F8BB-4C86-403A-8490-BB174C0AC256}"
EndProject
Global
	GlobalSection(SolutionConfigurationPlatforms) = preSolution
		Debug|Any CPU = Debug|Any CPU
		Release|Any CPU = Release|Any CPU
	EndGlobalSection
	GlobalSection(ProjectConfigurationPlatforms) = postSolution
		{4FDCA294-9EEE-40B0-B90D-98474C388485}.Debug|Any CPU.ActiveCfg = Debug|Any CPU
		{4FDCA294-9EEE-40B0-B90D-98474C388485}.Debug|Any CPU.Build.0 = Debug|Any CPU
		{4FDCA294-9EEE-40B0-B90D-98474C388485}.Release|Any CPU.ActiveCfg = Release|Any CPU
		{4FDCA294-9EEE-40B0-B90D-98474C388485}.Release|Any CPU.Build.0 = Release|Any CPU
		{AFD8EE39-AAAA-4503-A60E-EFD0F8B87BDD}.Debug|Any CPU.ActiveCfg = Debug|Any CPU
		{AFD8EE39-AAAA-4503-A60E-EFD0F8B87BDD}.Debug|Any CPU.Build.0 = Debug|Any CPU
		{AFD8EE39-AAAA-4503-A60E-EFD0F8B87BDD}.Release|Any CPU.ActiveCfg = Release|Any CPU
		{AFD8EE39-AAAA-4503-A60E-EFD0F8B87BDD}.Release|Any CPU.Build.0 = Release|Any CPU
		{B5967299-4D85-4880-9EF8-726BFDBCB11B}.Debug|Any CPU.ActiveCfg = Debug|Any CPU
		{B5967299-4D85-4880-9EF8-726BFDBCB11B}.Debug|Any CPU.Build.0 = Debug|Any CPU
		{B5967299-4D85-4880-9EF8-726BFDBCB11B}.Release|Any CPU.ActiveCfg = Release|Any CPU
		{B5967299-4D85-4880-9EF8-726BFDBCB11B}.Release|Any CPU.Build.0 = Release|Any CPU
		{BD28AF98-9B12-42E8-8FD4-799BF3485CFE}.Debug|Any CPU.ActiveCfg = Debug|Any CPU
		{BD28AF98-9B12-42E8-8FD4-799BF3485CFE}.Debug|Any CPU.Build.0 = Debug|Any CPU
		{BD28AF98-9B12-42E8-8FD4-799BF3485CFE}.Release|Any CPU.ActiveCfg = Release|Any CPU
		{BD28AF98-9B12-42E8-8FD4-799BF3485CFE}.Release|Any CPU.Build.0 = Release|Any CPU
		{E9D1F8BB-4C86-403A-8490-BB174C0AC256}.Debug|Any CPU.ActiveCfg = Debug|Any CPU
		{E9D1F8BB-4C86-403A-8490-BB174C0AC256}.Debug|Any CPU.Build.0 = Debug|Any CPU
		{E9D1F8BB-4C86-403A-8490-BB174C0AC256}.Release|Any CPU.ActiveCfg = Release|Any CPU
		{E9D1F8BB-4C86-403A-8490-BB174C0AC256}.Release|Any CPU.Build.0 = Release|Any CPU
	EndGlobalSection
	GlobalSection(SolutionProperties) = preSolution
		HideSolutionNode = FALSE
	EndGlobalSection
	GlobalSection(ExtensibilityGlobals) = postSolution
		SolutionGuid = {2517AA00-AA90-49D3-B23A-02892EBAD87A}
	EndGlobalSection
EndGlobal
